{
  "name": "testesinglespaarquiteture",
  "version": "0.0.0",
  "lockfileVersion": 1,
  "requires": true,
  "dependencies": {
    "browserslist-config-single-spa": {
      "version": "1.0.1",
      "resolved": "https://registry.npmjs.org/browserslist-config-single-spa/-/browserslist-config-single-spa-1.0.1.tgz",
      "integrity": "sha512-nqOxTbatv6FcdgBvUTuH4MuojMZwvskspz5Y4dmpVcKd0uaQY8KEl3iALWus16+AwPVe3BIerBNEgELyaHZcQg=="
    },
    "single-spa-react": {
      "version": "5.1.4",
      "resolved": "https://registry.npmjs.org/single-spa-react/-/single-spa-react-5.1.4.tgz",
      "integrity": "sha512-5hdDJVFaP7dYnst1Y0AkzvfcQ+8wT2Clc/DXJY76AJ55ZdV3fgJYoP5zq2sl57ycjUEeITvuQxV4Uj5XY5IxOQ==",
      "requires": {
        "browserslist-config-single-spa": "^1.0.1"
      }
    }
  }
}
